
Microsoft Visual Studio Solution File, Format Version 12.00
# Visual Studio Version 17
VisualStudioVersion = 17.4.33205.214
MinimumVisualStudioVersion = 10.0.40219.1
Project("{FAE04EC0-301F-11D3-BF4B-00C04F79EFBC}") = "FarmasiCase", "FarmasiCase\FarmasiCase.csproj", "{90BCE953-AC98-42C2-905C-20BF58CDE22A}"
EndProject
Global
	GlobalSection(SolutionConfigurationPlatforms) = preSolution
		Debug|Any CPU = Debug|Any CPU
		Release|Any CPU = Release|Any CPU
	EndGlobalSection
	GlobalSection(ProjectConfigurationPlatforms) = postSolution
		{90BCE953-AC98-42C2-905C-20BF58CDE22A}.Debug|Any CPU.ActiveCfg = Debug|Any CPU
		{90BCE953-AC98-42C2-905C-20BF58CDE22A}.Debug|Any CPU.Build.0 = Debug|Any CPU
		{90BCE953-AC98-42C2-905C-20BF58CDE22A}.Release|Any CPU.ActiveCfg = Release|Any CPU
		{90BCE953-AC98-42C2-905C-20BF58CDE22A}.Release|Any CPU.Build.0 = Release|Any CPU
	EndGlobalSection
	GlobalSection(SolutionProperties) = preSolution
		HideSolutionNode = FALSE
	EndGlobalSection
	GlobalSection(ExtensibilityGlobals) = postSolution
		SolutionGuid = {FEDBC9B8-DD1A-4BF6-8227-5BD4979B54DD}
	EndGlobalSection
EndGlobal
